#MicroXplorer Configuration settings - do not modify
ADC1.Channel-1\#ChannelRegularConversion=ADC_CHANNEL_TEMPSENSOR
ADC1.ContinuousConvMode=DISABLE
ADC1.EnableInjectedConversion=DISABLE
ADC1.IPParameters=Rank-1\#ChannelRegularConversion,Channel-1\#ChannelRegularConversion,SamplingTime-1\#ChannelRegularConversion,OffsetNumber-1\#ChannelRegularConversion,Offset-1\#ChannelRegularConversion,NbrOfConversionFlag,ContinuousConvMode,NbrOfConversion,EnableInjectedConversion,master,SubFamily
ADC1.NbrOfConversion=1
ADC1.NbrOfConversionFlag=1
ADC1.Offset-1\#ChannelRegularConversion=0
ADC1.OffsetNumber-1\#ChannelRegularConversion=ADC_OFFSET_NONE
ADC1.Rank-1\#ChannelRegularConversion=1
ADC1.SamplingTime-1\#ChannelRegularConversion=ADC_SAMPLETIME_239CYCLES_5
ADC1.SubFamily=STM32F302x8
ADC1.master=1
File.Version=6
KeepUserPlacement=false
Mcu.Family=STM32F1
Mcu.IP0=ADC1
Mcu.IP1=NVIC
Mcu.IP2=RCC
Mcu.IP3=SYS
Mcu.IP4=USART1
Mcu.IPNb=5
Mcu.Name=STM32F103V(C-D-E)Tx
Mcu.Package=LQFP100
Mcu.Pin0=PC0
Mcu.Pin1=PC3
Mcu.Pin2=PA9
Mcu.Pin3=PA10
Mcu.Pin4=PA13
Mcu.Pin5=PA14
Mcu.Pin6=PB6
Mcu.Pin7=PB7
Mcu.Pin8=VP_ADC1_TempSens_Input
Mcu.Pin9=VP_SYS_VS_Systick
Mcu.PinsNb=10
Mcu.ThirdPartyNb=0
Mcu.UserConstants=
Mcu.UserName=STM32F103VETx
MxCube.Version=5.3.0
MxDb.Version=DB.5.0.30
NVIC.BusFault_IRQn=true\:0\:0\:false\:false\:true\:false\:false
NVIC.DebugMonitor_IRQn=true\:0\:0\:false\:false\:true\:false\:false
NVIC.HardFault_IRQn=true\:0\:0\:false\:false\:true\:false\:false
NVIC.MemoryManagement_IRQn=true\:0\:0\:false\:false\:true\:false\:false
NVIC.NonMaskableInt_IRQn=true\:0\:0\:false\:false\:true\:false\:false
NVIC.PendSV_IRQn=true\:0\:0\:false\:false\:true\:false\:false
NVIC.PriorityGroup=NVIC_PRIORITYGROUP_4
NVIC.SVCall_IRQn=true\:0\:0\:false\:false\:true\:false\:false
NVIC.SysTick_IRQn=true\:0\:0\:false\:false\:true\:false\:true
NVIC.UsageFault_IRQn=true\:0\:0\:false\:false\:true\:false\:false
PA10.Mode=Asynchronous
PA10.Signal=USART1_RX
PA13.Mode=Serial_Wire
PA13.Signal=SYS_JTMS-SWDIO
PA14.Mode=Serial_Wire
PA14.Signal=SYS_JTCK-SWCLK
PA9.Mode=Asynchronous
PA9.Signal=USART1_TX
PB6.GPIOParameters=GPIO_Speed,PinState,GPIO_PuPd,GPIO_Label,GPIO_ModeDefaultOutputPP
PB6.GPIO_Label=I2C1_SCL
PB6.GPIO_ModeDefaultOutputPP=GPIO_MODE_OUTPUT_OD
PB6.GPIO_PuPd=GPIO_PULLUP
PB6.GPIO_Speed=GPIO_SPEED_FREQ_LOW
PB6.Locked=true
PB6.PinState=GPIO_PIN_SET
PB6.Signal=GPIO_Output
PB7.GPIOParameters=GPIO_Speed,PinState,GPIO_PuPd,GPIO_Label,GPIO_ModeDefaultOutputPP
PB7.GPIO_Label=I2C1_SDA
PB7.GPIO_ModeDefaultOutputPP=GPIO_MODE_OUTPUT_OD
PB7.GPIO_PuPd=GPIO_PULLUP
PB7.GPIO_Speed=GPIO_SPEED_FREQ_LOW
PB7.Locked=true
PB7.PinState=GPIO_PIN_SET
PB7.Signal=GPIO_Output
PC0.GPIOParameters=PinState,GPIO_PuPd,GPIO_Label
PC0.GPIO_Label=LED2
PC0.GPIO_PuPd=GPIO_PULLUP
PC0.Locked=true
PC0.PinState=GPIO_PIN_SET
PC0.Signal=GPIO_Output
PC3.GPIOParameters=GPIO_PuPd,GPIO_Label
PC3.GPIO_Label=KEY_S2
PC3.GPIO_PuPd=GPIO_PULLUP
PC3.Locked=true
PC3.Signal=GPIO_Input
PCC.Checker=false
PCC.Line=STM32F103
PCC.MCU=STM32F103V(C-D-E)Tx
PCC.PartNumber=STM32F103VETx
PCC.Seq0=0
PCC.Series=STM32F1
PCC.Temperature=25
PCC.Vdd=3.3
PinOutPanel.RotationAngle=0
ProjectManager.AskForMigrate=true
ProjectManager.BackupPrevious=true
ProjectManager.CompilerOptimize=6
ProjectManager.ComputerToolchain=false
ProjectManager.CoupleFile=true
ProjectManager.CustomerFirmwarePackage=
ProjectManager.DefaultFWLocation=true
ProjectManager.DeletePrevious=true
ProjectManager.DeviceId=STM32F103VETx
ProjectManager.FirmwarePackage=STM32Cube FW_F1 V1.8.0
ProjectManager.FreePins=false
ProjectManager.HalAssertFull=false
ProjectManager.HeapSize=0x400
ProjectManager.KeepUserCode=true
ProjectManager.LastFirmware=true
ProjectManager.LibraryCopy=1
ProjectManager.MainLocation=Src
ProjectManager.NoMain=false
ProjectManager.PreviousToolchain=
ProjectManager.ProjectBuild=false
ProjectManager.ProjectFileName=F103VET6_EncryptionChip.ioc
ProjectManager.ProjectName=F103VET6_EncryptionChip
ProjectManager.StackSize=0x400
ProjectManager.TargetToolchain=MDK-ARM V5
ProjectManager.ToolChainLocation=
ProjectManager.UnderRoot=false
ProjectManager.functionlistsort=1-MX_GPIO_Init-GPIO-false-LL-true,2-SystemClock_Config-RCC-false-LL-false,3-MX_ADC1_Init-ADC1-false-HAL-true,4-MX_USART1_UART_Init-USART1-false-LL-true
RCC.ADC12PRES=RCC_ADC1PLLCLK_DIV4
RCC.ADC12outputFreq_Value=14000000
RCC.ADCFreqValue=8000000
RCC.ADCPresc=RCC_ADCPCLK2_DIV8
RCC.AHBFreq_Value=64000000
RCC.APB1CLKDivider=RCC_HCLK_DIV2
RCC.APB1Freq_Value=32000000
RCC.APB1TimFreq_Value=64000000
RCC.APB2Freq_Value=64000000
RCC.APB2TimFreq_Value=64000000
RCC.CortexFreq_Value=56000000
RCC.FCLKCortexFreq_Value=64000000
RCC.FSMCFreq_Value=64000000
RCC.FamilyName=M
RCC.HCLKFreq_Value=64000000
RCC.HSEPLLFreq_Value=8000000
RCC.HSE_VALUE=8000000
RCC.HSIPLLFreq_Value=4000000
RCC.HSI_VALUE=8000000
RCC.I2C1Freq_Value=8000000
RCC.I2C2Freq_Value=8000000
RCC.I2C3Freq_Value=8000000
RCC.I2S2Freq_Value=64000000
RCC.I2S3Freq_Value=64000000
RCC.I2SClocksFreq_Value=56000000
RCC.IPParameters=ADC12PRES,ADC12outputFreq_Value,ADCFreqValue,ADCPresc,AHBFreq_Value,APB1CLKDivider,APB1Freq_Value,APB1TimFreq_Value,APB2Freq_Value,APB2TimFreq_Value,CortexFreq_Value,FCLKCortexFreq_Value,FSMCFreq_Value,FamilyName,HCLKFreq_Value,HSEPLLFreq_Value,HSE_VALUE,HSIPLLFreq_Value,HSI_VALUE,I2C1Freq_Value,I2C2Freq_Value,I2C3Freq_Value,I2S2Freq_Value,I2S3Freq_Value,I2SClocksFreq_Value,LSE_VALUE,LSI_VALUE,MCOFreq_Value,PLLCLKFreq_Value,PLLMCOFreq_Value,PLLMUL,PREFETCH_ENABLE,RTCFreq_Value,RTCHSEDivFreq_Value,SDIOFreq_Value,SDIOHCLKDiv2FreqValue,SYSCLKFreq_VALUE,SYSCLKSource,SYSCLKSourceVirtual,TIM15Freq_Value,TIM16Freq_Value,TIM17Freq_Value,TIM1Freq_Value,TIM2Freq_Value,TimSysFreq_Value,USART1Freq_Value,USBFreq_Value,VCOOutput2Freq_Value
RCC.LSE_VALUE=32768
RCC.LSI_VALUE=40000
RCC.MCOFreq_Value=64000000
RCC.PLLCLKFreq_Value=64000000
RCC.PLLMCOFreq_Value=32000000
RCC.PLLMUL=RCC_PLL_MUL16
RCC.PREFETCH_ENABLE=1
RCC.RTCFreq_Value=40000
RCC.RTCHSEDivFreq_Value=250000
RCC.SDIOFreq_Value=64000000
RCC.SDIOHCLKDiv2FreqValue=32000000
RCC.SYSCLKFreq_VALUE=64000000
RCC.SYSCLKSource=RCC_SYSCLKSOURCE_PLLCLK
RCC.SYSCLKSourceVirtual=RCC_SYSCLKSOURCE_PLLCLK
RCC.TIM15Freq_Value=56000000
RCC.TIM16Freq_Value=56000000
RCC.TIM17Freq_Value=56000000
RCC.TIM1Freq_Value=56000000
RCC.TIM2Freq_Value=56000000
RCC.TimSysFreq_Value=64000000
RCC.USART1Freq_Value=28000000
RCC.USBFreq_Value=64000000
RCC.VCOOutput2Freq_Value=4000000
USART1.IPParameters=VirtualMode
USART1.VirtualMode=VM_ASYNC
VP_ADC1_TempSens_Input.Mode=IN-TempSens
VP_ADC1_TempSens_Input.Signal=ADC1_TempSens_Input
VP_SYS_VS_Systick.Mode=SysTick
VP_SYS_VS_Systick.Signal=SYS_VS_Systick
board=custom
